# This file was autogenerated by Stack.
# You should not edit this file by hand.
# For more information, please see the documentation at:
#   https://docs.haskellstack.org/en/stable/lock_files

packages: []
snapshots:
- completed:
    size: 618683
    url: https://raw.githubusercontent.com/commercialhaskell/stackage-snapshots/master/lts/19/4.yaml
    sha256: d4ee004c46ba878d2f304f5d748d493057be579192a8d148527f3ba55c9df57f
  original: lts-19.4
