# This file was autogenerated by Stack.
# You should not edit this file by hand.
# For more information, please see the documentation at:
#   https://docs.haskellstack.org/en/stable/lock_files

packages:
- completed:
    hackage: yesod-newsfeed-1.7.0.0@sha256:ba49f9af47fe96c521ed889bf041c559b4bddb60a81f385449f7557f8f4aaef2,1345
    pantry-tree:
      size: 488
      sha256: 96027436cc6dc07bca3f691f2d17a5b3993e980f73076c7b1b4d9c5c3ac5cb86
  original:
    hackage: yesod-newsfeed-1.7.0.0
snapshots:
- completed:
    size: 532177
    url: https://raw.githubusercontent.com/commercialhaskell/stackage-snapshots/master/lts/16/19.yaml
    sha256: d2b828ecf50386841d0c5700b58d38566992e10d63a062af497ab29ab031faa1
  original: lts-16.19
